// !$*UTF8*$!
{
	archiveVersion = 1;
	classes = {
	};
	objectVersion = 51;
	objects = {

/* Begin PBXBuildFile section */
		0D58ED19FBC6038A802EC3EC /* Pods_OurMemory.framework in Frameworks */ = {isa = PBXBuildFile; fileRef = 7C89328176C6216F430EFAA2 /* Pods_OurMemory.framework */; };
		39C327DFC94273BE3E15A9AF /* Pods_OurMemory_OurMemoryUITests.framework in Frameworks */ = {isa = PBXBuildFile; fileRef = DFCB1892980B114209488363 /* Pods_OurMemory_OurMemoryUITests.framework */; };
		739C01C625B7221D00C5A2D6 /* AppDelegate.swift in Sources */ = {isa = PBXBuildFile; fileRef = 739C01C525B7221D00C5A2D6 /* AppDelegate.swift */; };
		739C01CD25B7221D00C5A2D6 /* Intro.storyboard in Resources */ = {isa = PBXBuildFile; fileRef = 739C01CB25B7221D00C5A2D6 /* Intro.storyboard */; };
		739C01D025B7221D00C5A2D6 /* OurMemory.xcdatamodeld in Sources */ = {isa = PBXBuildFile; fileRef = 739C01CE25B7221D00C5A2D6 /* OurMemory.xcdatamodeld */; };
		739C01D225B7221F00C5A2D6 /* Assets.xcassets in Resources */ = {isa = PBXBuildFile; fileRef = 739C01D125B7221F00C5A2D6 /* Assets.xcassets */; };
		739C01D525B7221F00C5A2D6 /* LaunchScreen.storyboard in Resources */ = {isa = PBXBuildFile; fileRef = 739C01D325B7221F00C5A2D6 /* LaunchScreen.storyboard */; };
		739C01E025B7221F00C5A2D6 /* OurMemoryTests.swift in Sources */ = {isa = PBXBuildFile; fileRef = 739C01DF25B7221F00C5A2D6 /* OurMemoryTests.swift */; };
		739C01EB25B7221F00C5A2D6 /* OurMemoryUITests.swift in Sources */ = {isa = PBXBuildFile; fileRef = 739C01EA25B7221F00C5A2D6 /* OurMemoryUITests.swift */; };
		739F06EA25EFACC400F32189 /* OurMemoryTask.framework in Frameworks */ = {isa = PBXBuildFile; fileRef = 739F06E925EFACC400F32189 /* OurMemoryTask.framework */; };
		739F06EB25EFACC400F32189 /* OurMemoryTask.framework in Embed Frameworks */ = {isa = PBXBuildFile; fileRef = 739F06E925EFACC400F32189 /* OurMemoryTask.framework */; settings = {ATTRIBUTES = (CodeSignOnCopy, RemoveHeadersOnCopy, ); }; };
		73AF8EC625CEE8EC00893AF6 /* GoogleService-Info.plist in Resources */ = {isa = PBXBuildFile; fileRef = 73AF8EC525CEE8EC00893AF6 /* GoogleService-Info.plist */; };
		73AF8ECC25CEEAC600893AF6 /* NetworkManager.swift in Sources */ = {isa = PBXBuildFile; fileRef = 73AF8ECB25CEEAC600893AF6 /* NetworkManager.swift */; };
		73C03E3725DD3BAC00319AC0 /* IntroViewController.swift in Sources */ = {isa = PBXBuildFile; fileRef = 73C03E3525DD3BAC00319AC0 /* IntroViewController.swift */; };
		73C03E3E25DD3BBB00319AC0 /* LoginViewController.swift in Sources */ = {isa = PBXBuildFile; fileRef = 73C03E3C25DD3BBB00319AC0 /* LoginViewController.swift */; };
		73C03E3F25DD3BBB00319AC0 /* LoginViewController.xib in Resources */ = {isa = PBXBuildFile; fileRef = 73C03E3D25DD3BBB00319AC0 /* LoginViewController.xib */; };
		73C03E4525DD3BC700319AC0 /* MainViewController.swift in Sources */ = {isa = PBXBuildFile; fileRef = 73C03E4325DD3BC700319AC0 /* MainViewController.swift */; };
		73C03E4625DD3BC700319AC0 /* MainViewController.xib in Resources */ = {isa = PBXBuildFile; fileRef = 73C03E4425DD3BC700319AC0 /* MainViewController.xib */; };
		73C03E4C25DD3BE300319AC0 /* RoomTableViewController.swift in Sources */ = {isa = PBXBuildFile; fileRef = 73C03E4A25DD3BE300319AC0 /* RoomTableViewController.swift */; };
		73C03E4D25DD3BE300319AC0 /* RoomTableViewController.xib in Resources */ = {isa = PBXBuildFile; fileRef = 73C03E4B25DD3BE300319AC0 /* RoomTableViewController.xib */; };
		73C03E5325DD3C2B00319AC0 /* ScheduleViewController.swift in Sources */ = {isa = PBXBuildFile; fileRef = 73C03E5125DD3C2B00319AC0 /* ScheduleViewController.swift */; };
		73C03E5425DD3C2B00319AC0 /* ScheduleViewController.xib in Resources */ = {isa = PBXBuildFile; fileRef = 73C03E5225DD3C2B00319AC0 /* ScheduleViewController.xib */; };
		73E3212325FFA89A00C6A657 /* snsWrapper.framework in Frameworks */ = {isa = PBXBuildFile; fileRef = 73E320E625FF997900C6A657 /* snsWrapper.framework */; };
		73E3212425FFA89A00C6A657 /* snsWrapper.framework in Embed Frameworks */ = {isa = PBXBuildFile; fileRef = 73E320E625FF997900C6A657 /* snsWrapper.framework */; settings = {ATTRIBUTES = (CodeSignOnCopy, RemoveHeadersOnCopy, ); }; };
		F18BAB14B5355319FF70604B /* Pods_OurMemoryTests.framework in Frameworks */ = {isa = PBXBuildFile; fileRef = C11614F31F0953AB463B15C3 /* Pods_OurMemoryTests.framework */; };
/* End PBXBuildFile section */

/* Begin PBXContainerItemProxy section */
		739C01DC25B7221F00C5A2D6 /* PBXContainerItemProxy */ = {
			isa = PBXContainerItemProxy;
			containerPortal = 739C01BA25B7221D00C5A2D6 /* Project object */;
			proxyType = 1;
			remoteGlobalIDString = 739C01C125B7221D00C5A2D6;
			remoteInfo = OurMemory;
		};
		739C01E725B7221F00C5A2D6 /* PBXContainerItemProxy */ = {
			isa = PBXContainerItemProxy;
			containerPortal = 739C01BA25B7221D00C5A2D6 /* Project object */;
			proxyType = 1;
			remoteGlobalIDString = 739C01C125B7221D00C5A2D6;
			remoteInfo = OurMemory;
		};
/* End PBXContainerItemProxy section */

/* Begin PBXCopyFilesBuildPhase section */
		739F06E325EFA79200F32189 /* Embed Frameworks */ = {
			isa = PBXCopyFilesBuildPhase;
			buildActionMask = 2147483647;
			dstPath = "";
			dstSubfolderSpec = 10;
			files = (
				739F06EB25EFACC400F32189 /* OurMemoryTask.framework in Embed Frameworks */,
				73E3212425FFA89A00C6A657 /* snsWrapper.framework in Embed Frameworks */,
			);
			name = "Embed Frameworks";
			runOnlyForDeploymentPostprocessing = 0;
		};
/* End PBXCopyFilesBuildPhase section */

/* Begin PBXFileReference section */
		3E511DBAC6FFE083026CD9DC /* Pods-OurMemoryTests.debug.xcconfig */ = {isa = PBXFileReference; includeInIndex = 1; lastKnownFileType = text.xcconfig; name = "Pods-OurMemoryTests.debug.xcconfig"; path = "Target Support Files/Pods-OurMemoryTests/Pods-OurMemoryTests.debug.xcconfig"; sourceTree = "<group>"; };
		437F050F3061A34115DF5663 /* Pods-OurMemoryTests.release.xcconfig */ = {isa = PBXFileReference; includeInIndex = 1; lastKnownFileType = text.xcconfig; name = "Pods-OurMemoryTests.release.xcconfig"; path = "Target Support Files/Pods-OurMemoryTests/Pods-OurMemoryTests.release.xcconfig"; sourceTree = "<group>"; };
		4DCD169C0CB5D4255480CD21 /* Pods-OurMemory.release.xcconfig */ = {isa = PBXFileReference; includeInIndex = 1; lastKnownFileType = text.xcconfig; name = "Pods-OurMemory.release.xcconfig"; path = "Target Support Files/Pods-OurMemory/Pods-OurMemory.release.xcconfig"; sourceTree = "<group>"; };
		732C871426077ACF00EEEE57 /* OurMemory-Bridging-Header.h */ = {isa = PBXFileReference; lastKnownFileType = sourcecode.c.h; path = "OurMemory-Bridging-Header.h"; sourceTree = "<group>"; };
		739C01C225B7221D00C5A2D6 /* OurMemory.app */ = {isa = PBXFileReference; explicitFileType = wrapper.application; includeInIndex = 0; path = OurMemory.app; sourceTree = BUILT_PRODUCTS_DIR; };
		739C01C525B7221D00C5A2D6 /* AppDelegate.swift */ = {isa = PBXFileReference; lastKnownFileType = sourcecode.swift; path = AppDelegate.swift; sourceTree = "<group>"; };
		739C01CC25B7221D00C5A2D6 /* Base */ = {isa = PBXFileReference; lastKnownFileType = file.storyboard; name = Base; path = Base.lproj/Intro.storyboard; sourceTree = "<group>"; };
		739C01CF25B7221D00C5A2D6 /* OurMemory.xcdatamodel */ = {isa = PBXFileReference; lastKnownFileType = wrapper.xcdatamodel; path = OurMemory.xcdatamodel; sourceTree = "<group>"; };
		739C01D125B7221F00C5A2D6 /* Assets.xcassets */ = {isa = PBXFileReference; lastKnownFileType = folder.assetcatalog; path = Assets.xcassets; sourceTree = "<group>"; };
		739C01D425B7221F00C5A2D6 /* Base */ = {isa = PBXFileReference; lastKnownFileType = file.storyboard; name = Base; path = Base.lproj/LaunchScreen.storyboard; sourceTree = "<group>"; };
		739C01D625B7221F00C5A2D6 /* Info.plist */ = {isa = PBXFileReference; lastKnownFileType = text.plist.xml; path = Info.plist; sourceTree = "<group>"; };
		739C01DB25B7221F00C5A2D6 /* OurMemoryTests.xctest */ = {isa = PBXFileReference; explicitFileType = wrapper.cfbundle; includeInIndex = 0; path = OurMemoryTests.xctest; sourceTree = BUILT_PRODUCTS_DIR; };
		739C01DF25B7221F00C5A2D6 /* OurMemoryTests.swift */ = {isa = PBXFileReference; lastKnownFileType = sourcecode.swift; path = OurMemoryTests.swift; sourceTree = "<group>"; };
		739C01E125B7221F00C5A2D6 /* Info.plist */ = {isa = PBXFileReference; lastKnownFileType = text.plist.xml; path = Info.plist; sourceTree = "<group>"; };
		739C01E625B7221F00C5A2D6 /* OurMemoryUITests.xctest */ = {isa = PBXFileReference; explicitFileType = wrapper.cfbundle; includeInIndex = 0; path = OurMemoryUITests.xctest; sourceTree = BUILT_PRODUCTS_DIR; };
		739C01EA25B7221F00C5A2D6 /* OurMemoryUITests.swift */ = {isa = PBXFileReference; lastKnownFileType = sourcecode.swift; path = OurMemoryUITests.swift; sourceTree = "<group>"; };
		739C01EC25B7221F00C5A2D6 /* Info.plist */ = {isa = PBXFileReference; lastKnownFileType = text.plist.xml; path = Info.plist; sourceTree = "<group>"; };
		739F06E025EFA79200F32189 /* Pods_snsWrapper.framework */ = {isa = PBXFileReference; explicitFileType = wrapper.framework; path = Pods_snsWrapper.framework; sourceTree = BUILT_PRODUCTS_DIR; };
		739F06E925EFACC400F32189 /* OurMemoryTask.framework */ = {isa = PBXFileReference; explicitFileType = wrapper.framework; path = OurMemoryTask.framework; sourceTree = BUILT_PRODUCTS_DIR; };
		73AF8EC525CEE8EC00893AF6 /* GoogleService-Info.plist */ = {isa = PBXFileReference; fileEncoding = 4; lastKnownFileType = text.plist.xml; path = "GoogleService-Info.plist"; sourceTree = "<group>"; };
		73AF8ECB25CEEAC600893AF6 /* NetworkManager.swift */ = {isa = PBXFileReference; lastKnownFileType = sourcecode.swift; path = NetworkManager.swift; sourceTree = "<group>"; };
		73AF8ED325CEF0A300893AF6 /* OurMemory.entitlements */ = {isa = PBXFileReference; lastKnownFileType = text.plist.entitlements; path = OurMemory.entitlements; sourceTree = "<group>"; };
		73C03E3525DD3BAC00319AC0 /* IntroViewController.swift */ = {isa = PBXFileReference; lastKnownFileType = sourcecode.swift; path = IntroViewController.swift; sourceTree = "<group>"; };
		73C03E3C25DD3BBB00319AC0 /* LoginViewController.swift */ = {isa = PBXFileReference; lastKnownFileType = sourcecode.swift; path = LoginViewController.swift; sourceTree = "<group>"; };
		73C03E3D25DD3BBB00319AC0 /* LoginViewController.xib */ = {isa = PBXFileReference; lastKnownFileType = file.xib; path = LoginViewController.xib; sourceTree = "<group>"; };
		73C03E4325DD3BC700319AC0 /* MainViewController.swift */ = {isa = PBXFileReference; lastKnownFileType = sourcecode.swift; path = MainViewController.swift; sourceTree = "<group>"; };
		73C03E4425DD3BC700319AC0 /* MainViewController.xib */ = {isa = PBXFileReference; lastKnownFileType = file.xib; path = MainViewController.xib; sourceTree = "<group>"; };
		73C03E4A25DD3BE300319AC0 /* RoomTableViewController.swift */ = {isa = PBXFileReference; lastKnownFileType = sourcecode.swift; path = RoomTableViewController.swift; sourceTree = "<group>"; };
		73C03E4B25DD3BE300319AC0 /* RoomTableViewController.xib */ = {isa = PBXFileReference; lastKnownFileType = file.xib; path = RoomTableViewController.xib; sourceTree = "<group>"; };
		73C03E5125DD3C2B00319AC0 /* ScheduleViewController.swift */ = {isa = PBXFileReference; lastKnownFileType = sourcecode.swift; path = ScheduleViewController.swift; sourceTree = "<group>"; };
		73C03E5225DD3C2B00319AC0 /* ScheduleViewController.xib */ = {isa = PBXFileReference; lastKnownFileType = file.xib; path = ScheduleViewController.xib; sourceTree = "<group>"; };
		73E320DF25FF995A00C6A657 /* Pods_snsWrapper.framework */ = {isa = PBXFileReference; lastKnownFileType = wrapper.framework; name = Pods_snsWrapper.framework; path = "../../snsWrapper/build/Release-iphoneos/Pods_snsWrapper.framework"; sourceTree = "<group>"; };
		73E320E625FF997900C6A657 /* snsWrapper.framework */ = {isa = PBXFileReference; explicitFileType = wrapper.framework; path = snsWrapper.framework; sourceTree = BUILT_PRODUCTS_DIR; };
		7C89328176C6216F430EFAA2 /* Pods_OurMemory.framework */ = {isa = PBXFileReference; explicitFileType = wrapper.framework; includeInIndex = 0; path = Pods_OurMemory.framework; sourceTree = BUILT_PRODUCTS_DIR; };
		9494A0A88398FE290BE96407 /* Pods-OurMemory.debug.xcconfig */ = {isa = PBXFileReference; includeInIndex = 1; lastKnownFileType = text.xcconfig; name = "Pods-OurMemory.debug.xcconfig"; path = "Target Support Files/Pods-OurMemory/Pods-OurMemory.debug.xcconfig"; sourceTree = "<group>"; };
		C11614F31F0953AB463B15C3 /* Pods_OurMemoryTests.framework */ = {isa = PBXFileReference; explicitFileType = wrapper.framework; includeInIndex = 0; path = Pods_OurMemoryTests.framework; sourceTree = BUILT_PRODUCTS_DIR; };
		C82DD7A74107FE9492AB7DB8 /* Pods-OurMemory-OurMemoryUITests.release.xcconfig */ = {isa = PBXFileReference; includeInIndex = 1; lastKnownFileType = text.xcconfig; name = "Pods-OurMemory-OurMemoryUITests.release.xcconfig"; path = "Target Support Files/Pods-OurMemory-OurMemoryUITests/Pods-OurMemory-OurMemoryUITests.release.xcconfig"; sourceTree = "<group>"; };
		DFCB1892980B114209488363 /* Pods_OurMemory_OurMemoryUITests.framework */ = {isa = PBXFileReference; explicitFileType = wrapper.framework; includeInIndex = 0; path = Pods_OurMemory_OurMemoryUITests.framework; sourceTree = BUILT_PRODUCTS_DIR; };
		E1392C5CA758F61A6285C64B /* Pods-OurMemory-OurMemoryUITests.debug.xcconfig */ = {isa = PBXFileReference; includeInIndex = 1; lastKnownFileType = text.xcconfig; name = "Pods-OurMemory-OurMemoryUITests.debug.xcconfig"; path = "Target Support Files/Pods-OurMemory-OurMemoryUITests/Pods-OurMemory-OurMemoryUITests.debug.xcconfig"; sourceTree = "<group>"; };
/* End PBXFileReference section */

/* Begin PBXFrameworksBuildPhase section */
		739C01BF25B7221D00C5A2D6 /* Frameworks */ = {
			isa = PBXFrameworksBuildPhase;
			buildActionMask = 2147483647;
			files = (
				73E3212325FFA89A00C6A657 /* snsWrapper.framework in Frameworks */,
				739F06EA25EFACC400F32189 /* OurMemoryTask.framework in Frameworks */,
				0D58ED19FBC6038A802EC3EC /* Pods_OurMemory.framework in Frameworks */,
			);
			runOnlyForDeploymentPostprocessing = 0;
		};
		739C01D825B7221F00C5A2D6 /* Frameworks */ = {
			isa = PBXFrameworksBuildPhase;
			buildActionMask = 2147483647;
			files = (
				F18BAB14B5355319FF70604B /* Pods_OurMemoryTests.framework in Frameworks */,
			);
			runOnlyForDeploymentPostprocessing = 0;
		};
		739C01E325B7221F00C5A2D6 /* Frameworks */ = {
			isa = PBXFrameworksBuildPhase;
			buildActionMask = 2147483647;
			files = (
				39C327DFC94273BE3E15A9AF /* Pods_OurMemory_OurMemoryUITests.framework in Frameworks */,
			);
			runOnlyForDeploymentPostprocessing = 0;
		};
/* End PBXFrameworksBuildPhase section */

/* Begin PBXGroup section */
		413DE79FA8B596403464F5A9 /* Pods */ = {
			isa = PBXGroup;
			children = (
				9494A0A88398FE290BE96407 /* Pods-OurMemory.debug.xcconfig */,
				4DCD169C0CB5D4255480CD21 /* Pods-OurMemory.release.xcconfig */,
				E1392C5CA758F61A6285C64B /* Pods-OurMemory-OurMemoryUITests.debug.xcconfig */,
				C82DD7A74107FE9492AB7DB8 /* Pods-OurMemory-OurMemoryUITests.release.xcconfig */,
				3E511DBAC6FFE083026CD9DC /* Pods-OurMemoryTests.debug.xcconfig */,
				437F050F3061A34115DF5663 /* Pods-OurMemoryTests.release.xcconfig */,
			);
			path = Pods;
			sourceTree = "<group>";
		};
		739C01B925B7221D00C5A2D6 = {
			isa = PBXGroup;
			children = (
				739C01C425B7221D00C5A2D6 /* OurMemory */,
				739C01DE25B7221F00C5A2D6 /* OurMemoryTests */,
				739C01E925B7221F00C5A2D6 /* OurMemoryUITests */,
				739C01C325B7221D00C5A2D6 /* Products */,
				413DE79FA8B596403464F5A9 /* Pods */,
				9C14CB8290ABB42CA4BDF257 /* Frameworks */,
				732C871426077ACF00EEEE57 /* OurMemory-Bridging-Header.h */,
			);
			sourceTree = "<group>";
		};
		739C01C325B7221D00C5A2D6 /* Products */ = {
			isa = PBXGroup;
			children = (
				739C01C225B7221D00C5A2D6 /* OurMemory.app */,
				739C01DB25B7221F00C5A2D6 /* OurMemoryTests.xctest */,
				739C01E625B7221F00C5A2D6 /* OurMemoryUITests.xctest */,
			);
			name = Products;
			sourceTree = "<group>";
		};
		739C01C425B7221D00C5A2D6 /* OurMemory */ = {
			isa = PBXGroup;
			children = (
				73C03E3325DD3B8200319AC0 /* _controller */,
				73AF8ED325CEF0A300893AF6 /* OurMemory.entitlements */,
				73AF8EC525CEE8EC00893AF6 /* GoogleService-Info.plist */,
				739C01C525B7221D00C5A2D6 /* AppDelegate.swift */,
				739C01D125B7221F00C5A2D6 /* Assets.xcassets */,
				739C01D325B7221F00C5A2D6 /* LaunchScreen.storyboard */,
				739C01D625B7221F00C5A2D6 /* Info.plist */,
				739C01CE25B7221D00C5A2D6 /* OurMemory.xcdatamodeld */,
				73AF8ECB25CEEAC600893AF6 /* NetworkManager.swift */,
			);
			path = OurMemory;
			sourceTree = "<group>";
		};
		739C01DE25B7221F00C5A2D6 /* OurMemoryTests */ = {
			isa = PBXGroup;
			children = (
				739C01DF25B7221F00C5A2D6 /* OurMemoryTests.swift */,
				739C01E125B7221F00C5A2D6 /* Info.plist */,
			);
			path = OurMemoryTests;
			sourceTree = "<group>";
		};
		739C01E925B7221F00C5A2D6 /* OurMemoryUITests */ = {
			isa = PBXGroup;
			children = (
				739C01EA25B7221F00C5A2D6 /* OurMemoryUITests.swift */,
				739C01EC25B7221F00C5A2D6 /* Info.plist */,
			);
			path = OurMemoryUITests;
			sourceTree = "<group>";
		};
		73C03E3325DD3B8200319AC0 /* _controller */ = {
			isa = PBXGroup;
			children = (
				73C03E3425DD3B9200319AC0 /* UI */,
			);
			path = _controller;
			sourceTree = "<group>";
		};
		73C03E3425DD3B9200319AC0 /* UI */ = {
			isa = PBXGroup;
			children = (
				73FC5CFE25E7FE420050D68E /* _Base */,
				73FC5CA925E7FB840050D68E /* Intro */,
				73FC5CAA25E7FB8D0050D68E /* Login */,
				73FC5CAD25E7FBC70050D68E /* Main */,
				73FC5D0F25E800400050D68E /* FriendList */,
				73FC5CAC25E7FBB60050D68E /* RoomList */,
				73FC5D0C25E7FEF30050D68E /* RoomDetail */,
				73FC5CAB25E7FBA60050D68E /* Schedule */,
			);
			path = UI;
			sourceTree = "<group>";
		};
		73FC5CA925E7FB840050D68E /* Intro */ = {
			isa = PBXGroup;
			children = (
				73C03E3525DD3BAC00319AC0 /* IntroViewController.swift */,
				739C01CB25B7221D00C5A2D6 /* Intro.storyboard */,
			);
			path = Intro;
			sourceTree = "<group>";
		};
		73FC5CAA25E7FB8D0050D68E /* Login */ = {
			isa = PBXGroup;
			children = (
				73C03E3C25DD3BBB00319AC0 /* LoginViewController.swift */,
				73C03E3D25DD3BBB00319AC0 /* LoginViewController.xib */,
			);
			path = Login;
			sourceTree = "<group>";
		};
		73FC5CAB25E7FBA60050D68E /* Schedule */ = {
			isa = PBXGroup;
			children = (
				73C03E5125DD3C2B00319AC0 /* ScheduleViewController.swift */,
				73C03E5225DD3C2B00319AC0 /* ScheduleViewController.xib */,
			);
			path = Schedule;
			sourceTree = "<group>";
		};
		73FC5CAC25E7FBB60050D68E /* RoomList */ = {
			isa = PBXGroup;
			children = (
				73C03E4A25DD3BE300319AC0 /* RoomTableViewController.swift */,
				73C03E4B25DD3BE300319AC0 /* RoomTableViewController.xib */,
			);
			path = RoomList;
			sourceTree = "<group>";
		};
		73FC5CAD25E7FBC70050D68E /* Main */ = {
			isa = PBXGroup;
			children = (
				73C03E4325DD3BC700319AC0 /* MainViewController.swift */,
				73C03E4425DD3BC700319AC0 /* MainViewController.xib */,
			);
			path = Main;
			sourceTree = "<group>";
		};
		73FC5CFE25E7FE420050D68E /* _Base */ = {
			isa = PBXGroup;
			children = (
			);
			path = _Base;
			sourceTree = "<group>";
		};
		73FC5D0C25E7FEF30050D68E /* RoomDetail */ = {
			isa = PBXGroup;
			children = (
			);
			path = RoomDetail;
			sourceTree = "<group>";
		};
		73FC5D0F25E800400050D68E /* FriendList */ = {
			isa = PBXGroup;
			children = (
			);
			path = FriendList;
			sourceTree = "<group>";
		};
		9C14CB8290ABB42CA4BDF257 /* Frameworks */ = {
			isa = PBXGroup;
			children = (
				739F06E025EFA79200F32189 /* Pods_snsWrapper.framework */,
				73E320E625FF997900C6A657 /* snsWrapper.framework */,
				73E320DF25FF995A00C6A657 /* Pods_snsWrapper.framework */,
				739F06E925EFACC400F32189 /* OurMemoryTask.framework */,
				7C89328176C6216F430EFAA2 /* Pods_OurMemory.framework */,
				DFCB1892980B114209488363 /* Pods_OurMemory_OurMemoryUITests.framework */,
				C11614F31F0953AB463B15C3 /* Pods_OurMemoryTests.framework */,
			);
			name = Frameworks;
			sourceTree = "<group>";
		};
/* End PBXGroup section */

/* Begin PBXNativeTarget section */
		739C01C125B7221D00C5A2D6 /* OurMemory */ = {
			isa = PBXNativeTarget;
			buildConfigurationList = 739C01EF25B7221F00C5A2D6 /* Build configuration list for PBXNativeTarget "OurMemory" */;
			buildPhases = (
				0C208C4C5DC72F95F68B096C /* [CP] Check Pods Manifest.lock */,
				739C01BE25B7221D00C5A2D6 /* Sources */,
				739C01BF25B7221D00C5A2D6 /* Frameworks */,
				739C01C025B7221D00C5A2D6 /* Resources */,
				739F06E325EFA79200F32189 /* Embed Frameworks */,
				3CDA0EAB4CF1F0A04E017A43 /* [CP] Embed Pods Frameworks */,
			);
			buildRules = (
			);
			dependencies = (
			);
			name = OurMemory;
			productName = OurMemory;
			productReference = 739C01C225B7221D00C5A2D6 /* OurMemory.app */;
			productType = "com.apple.product-type.application";
		};
		739C01DA25B7221F00C5A2D6 /* OurMemoryTests */ = {
			isa = PBXNativeTarget;
			buildConfigurationList = 739C01F225B7221F00C5A2D6 /* Build configuration list for PBXNativeTarget "OurMemoryTests" */;
			buildPhases = (
				7AB6CE1E3699561C5FA63049 /* [CP] Check Pods Manifest.lock */,
				739C01D725B7221F00C5A2D6 /* Sources */,
				739C01D825B7221F00C5A2D6 /* Frameworks */,
				739C01D925B7221F00C5A2D6 /* Resources */,
			);
			buildRules = (
			);
			dependencies = (
				739C01DD25B7221F00C5A2D6 /* PBXTargetDependency */,
			);
			name = OurMemoryTests;
			productName = OurMemoryTests;
			productReference = 739C01DB25B7221F00C5A2D6 /* OurMemoryTests.xctest */;
			productType = "com.apple.product-type.bundle.unit-test";
		};
		739C01E525B7221F00C5A2D6 /* OurMemoryUITests */ = {
			isa = PBXNativeTarget;
			buildConfigurationList = 739C01F525B7221F00C5A2D6 /* Build configuration list for PBXNativeTarget "OurMemoryUITests" */;
			buildPhases = (
				75FAAC9A795B3F57FC1502F0 /* [CP] Check Pods Manifest.lock */,
				739C01E225B7221F00C5A2D6 /* Sources */,
				739C01E325B7221F00C5A2D6 /* Frameworks */,
				739C01E425B7221F00C5A2D6 /* Resources */,
				D06ACBEF7197F7D592337FCB /* [CP] Embed Pods Frameworks */,
			);
			buildRules = (
			);
			dependencies = (
				739C01E825B7221F00C5A2D6 /* PBXTargetDependency */,
			);
			name = OurMemoryUITests;
			productName = OurMemoryUITests;
			productReference = 739C01E625B7221F00C5A2D6 /* OurMemoryUITests.xctest */;
			productType = "com.apple.product-type.bundle.ui-testing";
		};
/* End PBXNativeTarget section */

/* Begin PBXProject section */
		739C01BA25B7221D00C5A2D6 /* Project object */ = {
			isa = PBXProject;
			attributes = {
				LastSwiftUpdateCheck = 1220;
				LastUpgradeCheck = 1220;
				TargetAttributes = {
					739C01C125B7221D00C5A2D6 = {
						CreatedOnToolsVersion = 12.2;
						LastSwiftMigration = 1240;
					};
					739C01DA25B7221F00C5A2D6 = {
						CreatedOnToolsVersion = 12.2;
						TestTargetID = 739C01C125B7221D00C5A2D6;
					};
					739C01E525B7221F00C5A2D6 = {
						CreatedOnToolsVersion = 12.2;
						TestTargetID = 739C01C125B7221D00C5A2D6;
					};
				};
			};
			buildConfigurationList = 739C01BD25B7221D00C5A2D6 /* Build configuration list for PBXProject "OurMemory" */;
			compatibilityVersion = "Xcode 9.3";
			developmentRegion = en;
			hasScannedForEncodings = 0;
			knownRegions = (
				en,
				Base,
			);
			mainGroup = 739C01B925B7221D00C5A2D6;
			productRefGroup = 739C01C325B7221D00C5A2D6 /* Products */;
			projectDirPath = "";
			projectRoot = "";
			targets = (
				739C01C125B7221D00C5A2D6 /* OurMemory */,
				739C01DA25B7221F00C5A2D6 /* OurMemoryTests */,
				739C01E525B7221F00C5A2D6 /* OurMemoryUITests */,
			);
		};
/* End PBXProject section */

/* Begin PBXResourcesBuildPhase section */
		739C01C025B7221D00C5A2D6 /* Resources */ = {
			isa = PBXResourcesBuildPhase;
			buildActionMask = 2147483647;
			files = (
				73C03E5425DD3C2B00319AC0 /* ScheduleViewController.xib in Resources */,
				73C03E4D25DD3BE300319AC0 /* RoomTableViewController.xib in Resources */,
				739C01D525B7221F00C5A2D6 /* LaunchScreen.storyboard in Resources */,
				73C03E3F25DD3BBB00319AC0 /* LoginViewController.xib in Resources */,
				73AF8EC625CEE8EC00893AF6 /* GoogleService-Info.plist in Resources */,
				739C01D225B7221F00C5A2D6 /* Assets.xcassets in Resources */,
				73C03E4625DD3BC700319AC0 /* MainViewController.xib in Resources */,
				739C01CD25B7221D00C5A2D6 /* Intro.storyboard in Resources */,
			);
			runOnlyForDeploymentPostprocessing = 0;
		};
		739C01D925B7221F00C5A2D6 /* Resources */ = {
			isa = PBXResourcesBuildPhase;
			buildActionMask = 2147483647;
			files = (
			);
			runOnlyForDeploymentPostprocessing = 0;
		};
		739C01E425B7221F00C5A2D6 /* Resources */ = {
			isa = PBXResourcesBuildPhase;
			buildActionMask = 2147483647;
			files = (
			);
			runOnlyForDeploymentPostprocessing = 0;
		};
/* End PBXResourcesBuildPhase section */

/* Begin PBXShellScriptBuildPhase section */
		0C208C4C5DC72F95F68B096C /* [CP] Check Pods Manifest.lock */ = {
			isa = PBXShellScriptBuildPhase;
			buildActionMask = 2147483647;
			files = (
			);
			inputFileListPaths = (
			);
			inputPaths = (
				"${PODS_PODFILE_DIR_PATH}/Podfile.lock",
				"${PODS_ROOT}/Manifest.lock",
			);
			name = "[CP] Check Pods Manifest.lock";
			outputFileListPaths = (
			);
			outputPaths = (
				"$(DERIVED_FILE_DIR)/Pods-OurMemory-checkManifestLockResult.txt",
			);
			runOnlyForDeploymentPostprocessing = 0;
			shellPath = /bin/sh;
			shellScript = "diff \"${PODS_PODFILE_DIR_PATH}/Podfile.lock\" \"${PODS_ROOT}/Manifest.lock\" > /dev/null\nif [ $? != 0 ] ; then\n    # print error to STDERR\n    echo \"error: The sandbox is not in sync with the Podfile.lock. Run 'pod install' or update your CocoaPods installation.\" >&2\n    exit 1\nfi\n# This output is used by Xcode 'outputs' to avoid re-running this script phase.\necho \"SUCCESS\" > \"${SCRIPT_OUTPUT_FILE_0}\"\n";
			showEnvVarsInLog = 0;
		};
		3CDA0EAB4CF1F0A04E017A43 /* [CP] Embed Pods Frameworks */ = {
			isa = PBXShellScriptBuildPhase;
			buildActionMask = 2147483647;
			files = (
			);
			inputFileListPaths = (
				"${PODS_ROOT}/Target Support Files/Pods-OurMemory/Pods-OurMemory-frameworks-${CONFIGURATION}-input-files.xcfilelist",
			);
			name = "[CP] Embed Pods Frameworks";
			outputFileListPaths = (
				"${PODS_ROOT}/Target Support Files/Pods-OurMemory/Pods-OurMemory-frameworks-${CONFIGURATION}-output-files.xcfilelist",
			);
			runOnlyForDeploymentPostprocessing = 0;
			shellPath = /bin/sh;
			shellScript = "\"${PODS_ROOT}/Target Support Files/Pods-OurMemory/Pods-OurMemory-frameworks.sh\"\n";
			showEnvVarsInLog = 0;
		};
		75FAAC9A795B3F57FC1502F0 /* [CP] Check Pods Manifest.lock */ = {
			isa = PBXShellScriptBuildPhase;
			buildActionMask = 2147483647;
			files = (
			);
			inputFileListPaths = (
			);
			inputPaths = (
				"${PODS_PODFILE_DIR_PATH}/Podfile.lock",
				"${PODS_ROOT}/Manifest.lock",
			);
			name = "[CP] Check Pods Manifest.lock";
			outputFileListPaths = (
			);
			outputPaths = (
				"$(DERIVED_FILE_DIR)/Pods-OurMemory-OurMemoryUITests-checkManifestLockResult.txt",
			);
			runOnlyForDeploymentPostprocessing = 0;
			shellPath = /bin/sh;
			shellScript = "diff \"${PODS_PODFILE_DIR_PATH}/Podfile.lock\" \"${PODS_ROOT}/Manifest.lock\" > /dev/null\nif [ $? != 0 ] ; then\n    # print error to STDERR\n    echo \"error: The sandbox is not in sync with the Podfile.lock. Run 'pod install' or update your CocoaPods installation.\" >&2\n    exit 1\nfi\n# This output is used by Xcode 'outputs' to avoid re-running this script phase.\necho \"SUCCESS\" > \"${SCRIPT_OUTPUT_FILE_0}\"\n";
			showEnvVarsInLog = 0;
		};
		7AB6CE1E3699561C5FA63049 /* [CP] Check Pods Manifest.lock */ = {
			isa = PBXShellScriptBuildPhase;
			buildActionMask = 2147483647;
			files = (
			);
			inputFileListPaths = (
			);
			inputPaths = (
				"${PODS_PODFILE_DIR_PATH}/Podfile.lock",
				"${PODS_ROOT}/Manifest.lock",
			);
			name = "[CP] Check Pods Manifest.lock";
			outputFileListPaths = (
			);
			outputPaths = (
				"$(DERIVED_FILE_DIR)/Pods-OurMemoryTests-checkManifestLockResult.txt",
			);
			runOnlyForDeploymentPostprocessing = 0;
			shellPath = /bin/sh;
			shellScript = "diff \"${PODS_PODFILE_DIR_PATH}/Podfile.lock\" \"${PODS_ROOT}/Manifest.lock\" > /dev/null\nif [ $? != 0 ] ; then\n    # print error to STDERR\n    echo \"error: The sandbox is not in sync with the Podfile.lock. Run 'pod install' or update your CocoaPods installation.\" >&2\n    exit 1\nfi\n# This output is used by Xcode 'outputs' to avoid re-running this script phase.\necho \"SUCCESS\" > \"${SCRIPT_OUTPUT_FILE_0}\"\n";
			showEnvVarsInLog = 0;
		};
		D06ACBEF7197F7D592337FCB /* [CP] Embed Pods Frameworks */ = {
			isa = PBXShellScriptBuildPhase;
			buildActionMask = 2147483647;
			files = (
			);
			inputFileListPaths = (
				"${PODS_ROOT}/Target Support Files/Pods-OurMemory-OurMemoryUITests/Pods-OurMemory-OurMemoryUITests-frameworks-${CONFIGURATION}-input-files.xcfilelist",
			);
			name = "[CP] Embed Pods Frameworks";
			outputFileListPaths = (
				"${PODS_ROOT}/Target Support Files/Pods-OurMemory-OurMemoryUITests/Pods-OurMemory-OurMemoryUITests-frameworks-${CONFIGURATION}-output-files.xcfilelist",
			);
			runOnlyForDeploymentPostprocessing = 0;
			shellPath = /bin/sh;
			shellScript = "\"${PODS_ROOT}/Target Support Files/Pods-OurMemory-OurMemoryUITests/Pods-OurMemory-OurMemoryUITests-frameworks.sh\"\n";
			showEnvVarsInLog = 0;
		};
/* End PBXShellScriptBuildPhase section */

/* Begin PBXSourcesBuildPhase section */
		739C01BE25B7221D00C5A2D6 /* Sources */ = {
			isa = PBXSourcesBuildPhase;
			buildActionMask = 2147483647;
			files = (
				73C03E3E25DD3BBB00319AC0 /* LoginViewController.swift in Sources */,
				739C01D025B7221D00C5A2D6 /* OurMemory.xcdatamodeld in Sources */,
				73AF8ECC25CEEAC600893AF6 /* NetworkManager.swift in Sources */,
				73C03E3725DD3BAC00319AC0 /* IntroViewController.swift in Sources */,
				73C03E5325DD3C2B00319AC0 /* ScheduleViewController.swift in Sources */,
				739C01C625B7221D00C5A2D6 /* AppDelegate.swift in Sources */,
				73C03E4C25DD3BE300319AC0 /* RoomTableViewController.swift in Sources */,
				73C03E4525DD3BC700319AC0 /* MainViewController.swift in Sources */,
			);
			runOnlyForDeploymentPostprocessing = 0;
		};
		739C01D725B7221F00C5A2D6 /* Sources */ = {
			isa = PBXSourcesBuildPhase;
			buildActionMask = 2147483647;
			files = (
				739C01E025B7221F00C5A2D6 /* OurMemoryTests.swift in Sources */,
			);
			runOnlyForDeploymentPostprocessing = 0;
		};
		739C01E225B7221F00C5A2D6 /* Sources */ = {
			isa = PBXSourcesBuildPhase;
			buildActionMask = 2147483647;
			files = (
				739C01EB25B7221F00C5A2D6 /* OurMemoryUITests.swift in Sources */,
			);
			runOnlyForDeploymentPostprocessing = 0;
		};
/* End PBXSourcesBuildPhase section */

/* Begin PBXTargetDependency section */
		739C01DD25B7221F00C5A2D6 /* PBXTargetDependency */ = {
			isa = PBXTargetDependency;
			target = 739C01C125B7221D00C5A2D6 /* OurMemory */;
			targetProxy = 739C01DC25B7221F00C5A2D6 /* PBXContainerItemProxy */;
		};
		739C01E825B7221F00C5A2D6 /* PBXTargetDependency */ = {
			isa = PBXTargetDependency;
			target = 739C01C125B7221D00C5A2D6 /* OurMemory */;
			targetProxy = 739C01E725B7221F00C5A2D6 /* PBXContainerItemProxy */;
		};
/* End PBXTargetDependency section */

/* Begin PBXVariantGroup section */
		739C01CB25B7221D00C5A2D6 /* Intro.storyboard */ = {
			isa = PBXVariantGroup;
			children = (
				739C01CC25B7221D00C5A2D6 /* Base */,
			);
			name = Intro.storyboard;
			sourceTree = "<group>";
		};
		739C01D325B7221F00C5A2D6 /* LaunchScreen.storyboard */ = {
			isa = PBXVariantGroup;
			children = (
				739C01D425B7221F00C5A2D6 /* Base */,
			);
			name = LaunchScreen.storyboard;
			sourceTree = "<group>";
		};
/* End PBXVariantGroup section */

/* Begin XCBuildConfiguration section */
		739C01ED25B7221F00C5A2D6 /* Debug */ = {
			isa = XCBuildConfiguration;
			buildSettings = {
				ALWAYS_SEARCH_USER_PATHS = NO;
				CLANG_ANALYZER_NONNULL = YES;
				CLANG_ANALYZER_NUMBER_OBJECT_CONVERSION = YES_AGGRESSIVE;
				CLANG_CXX_LANGUAGE_STANDARD = "gnu++14";
				CLANG_CXX_LIBRARY = "libc++";
				CLANG_ENABLE_MODULES = YES;
				CLANG_ENABLE_OBJC_ARC = YES;
				CLANG_ENABLE_OBJC_WEAK = YES;
				CLANG_WARN_BLOCK_CAPTURE_AUTORELEASING = YES;
				CLANG_WARN_BOOL_CONVERSION = YES;
				CLANG_WARN_COMMA = YES;
				CLANG_WARN_CONSTANT_CONVERSION = YES;
				CLANG_WARN_DEPRECATED_OBJC_IMPLEMENTATIONS = YES;
				CLANG_WARN_DIRECT_OBJC_ISA_USAGE = YES_ERROR;
				CLANG_WARN_DOCUMENTATION_COMMENTS = YES;
				CLANG_WARN_EMPTY_BODY = YES;
				CLANG_WARN_ENUM_CONVERSION = YES;
				CLANG_WARN_INFINITE_RECURSION = YES;
				CLANG_WARN_INT_CONVERSION = YES;
				CLANG_WARN_NON_LITERAL_NULL_CONVERSION = YES;
				CLANG_WARN_OBJC_IMPLICIT_RETAIN_SELF = YES;
				CLANG_WARN_OBJC_LITERAL_CONVERSION = YES;
				CLANG_WARN_OBJC_ROOT_CLASS = YES_ERROR;
				CLANG_WARN_QUOTED_INCLUDE_IN_FRAMEWORK_HEADER = YES;
				CLANG_WARN_RANGE_LOOP_ANALYSIS = YES;
				CLANG_WARN_STRICT_PROTOTYPES = YES;
				CLANG_WARN_SUSPICIOUS_MOVE = YES;
				CLANG_WARN_UNGUARDED_AVAILABILITY = YES_AGGRESSIVE;
				CLANG_WARN_UNREACHABLE_CODE = YES;
				CLANG_WARN__DUPLICATE_METHOD_MATCH = YES;
				COPY_PHASE_STRIP = NO;
				DEBUG_INFORMATION_FORMAT = dwarf;
				ENABLE_STRICT_OBJC_MSGSEND = YES;
				ENABLE_TESTABILITY = YES;
				GCC_C_LANGUAGE_STANDARD = gnu11;
				GCC_DYNAMIC_NO_PIC = NO;
				GCC_NO_COMMON_BLOCKS = YES;
				GCC_OPTIMIZATION_LEVEL = 0;
				GCC_PREPROCESSOR_DEFINITIONS = (
					"DEBUG=1",
					"$(inherited)",
				);
				GCC_WARN_64_TO_32_BIT_CONVERSION = YES;
				GCC_WARN_ABOUT_RETURN_TYPE = YES_ERROR;
				GCC_WARN_UNDECLARED_SELECTOR = YES;
				GCC_WARN_UNINITIALIZED_AUTOS = YES_AGGRESSIVE;
				GCC_WARN_UNUSED_FUNCTION = YES;
				GCC_WARN_UNUSED_VARIABLE = YES;
				IPHONEOS_DEPLOYMENT_TARGET = 14.2;
				MTL_ENABLE_DEBUG_INFO = INCLUDE_SOURCE;
				MTL_FAST_MATH = YES;
				ONLY_ACTIVE_ARCH = YES;
				SDKROOT = iphoneos;
				SWIFT_ACTIVE_COMPILATION_CONDITIONS = DEBUG;
				SWIFT_OPTIMIZATION_LEVEL = "-Onone";
			};
			name = Debug;
		};
		739C01EE25B7221F00C5A2D6 /* Release */ = {
			isa = XCBuildConfiguration;
			buildSettings = {
				ALWAYS_SEARCH_USER_PATHS = NO;
				CLANG_ANALYZER_NONNULL = YES;
				CLANG_ANALYZER_NUMBER_OBJECT_CONVERSION = YES_AGGRESSIVE;
				CLANG_CXX_LANGUAGE_STANDARD = "gnu++14";
				CLANG_CXX_LIBRARY = "libc++";
				CLANG_ENABLE_MODULES = YES;
				CLANG_ENABLE_OBJC_ARC = YES;
				CLANG_ENABLE_OBJC_WEAK = YES;
				CLANG_WARN_BLOCK_CAPTURE_AUTORELEASING = YES;
				CLANG_WARN_BOOL_CONVERSION = YES;
				CLANG_WARN_COMMA = YES;
				CLANG_WARN_CONSTANT_CONVERSION = YES;
				CLANG_WARN_DEPRECATED_OBJC_IMPLEMENTATIONS = YES;
				CLANG_WARN_DIRECT_OBJC_ISA_USAGE = YES_ERROR;
				CLANG_WARN_DOCUMENTATION_COMMENTS = YES;
				CLANG_WARN_EMPTY_BODY = YES;
				CLANG_WARN_ENUM_CONVERSION = YES;
				CLANG_WARN_INFINITE_RECURSION = YES;
				CLANG_WARN_INT_CONVERSION = YES;
				CLANG_WARN_NON_LITERAL_NULL_CONVERSION = YES;
				CLANG_WARN_OBJC_IMPLICIT_RETAIN_SELF = YES;
				CLANG_WARN_OBJC_LITERAL_CONVERSION = YES;
				CLANG_WARN_OBJC_ROOT_CLASS = YES_ERROR;
				CLANG_WARN_QUOTED_INCLUDE_IN_FRAMEWORK_HEADER = YES;
				CLANG_WARN_RANGE_LOOP_ANALYSIS = YES;
				CLANG_WARN_STRICT_PROTOTYPES = YES;
				CLANG_WARN_SUSPICIOUS_MOVE = YES;
				CLANG_WARN_UNGUARDED_AVAILABILITY = YES_AGGRESSIVE;
				CLANG_WARN_UNREACHABLE_CODE = YES;
				CLANG_WARN__DUPLICATE_METHOD_MATCH = YES;
				COPY_PHASE_STRIP = NO;
				DEBUG_INFORMATION_FORMAT = "dwarf-with-dsym";
				ENABLE_NS_ASSERTIONS = NO;
				ENABLE_STRICT_OBJC_MSGSEND = YES;
				GCC_C_LANGUAGE_STANDARD = gnu11;
				GCC_NO_COMMON_BLOCKS = YES;
				GCC_WARN_64_TO_32_BIT_CONVERSION = YES;
				GCC_WARN_ABOUT_RETURN_TYPE = YES_ERROR;
				GCC_WARN_UNDECLARED_SELECTOR = YES;
				GCC_WARN_UNINITIALIZED_AUTOS = YES_AGGRESSIVE;
				GCC_WARN_UNUSED_FUNCTION = YES;
				GCC_WARN_UNUSED_VARIABLE = YES;
				IPHONEOS_DEPLOYMENT_TARGET = 14.2;
				MTL_ENABLE_DEBUG_INFO = NO;
				MTL_FAST_MATH = YES;
				SDKROOT = iphoneos;
				SWIFT_COMPILATION_MODE = wholemodule;
				SWIFT_OPTIMIZATION_LEVEL = "-O";
				VALIDATE_PRODUCT = YES;
			};
			name = Release;
		};
		739C01F025B7221F00C5A2D6 /* Debug */ = {
			isa = XCBuildConfiguration;
			baseConfigurationReference = 9494A0A88398FE290BE96407 /* Pods-OurMemory.debug.xcconfig */;
			buildSettings = {
				ASSETCATALOG_COMPILER_APPICON_NAME = AppIcon;
				ASSETCATALOG_COMPILER_GLOBAL_ACCENT_COLOR_NAME = AccentColor;
				CLANG_ENABLE_MODULES = YES;
				CODE_SIGN_ENTITLEMENTS = OurMemory/OurMemory.entitlements;
				CODE_SIGN_STYLE = Automatic;
				DEVELOPMENT_TEAM = 2L6GNE8467;
				INFOPLIST_FILE = OurMemory/Info.plist;
				IPHONEOS_DEPLOYMENT_TARGET = 12.1;
				LD_RUNPATH_SEARCH_PATHS = (
					"$(inherited)",
					"@executable_path/Frameworks",
				);
				PRODUCT_BUNDLE_IDENTIFIER = com.sgSwiftOurMemory;
				PRODUCT_NAME = "$(TARGET_NAME)";
				SWIFT_OBJC_BRIDGING_HEADER = "OurMemory-Bridging-Header.h";
				SWIFT_OPTIMIZATION_LEVEL = "-Onone";
				SWIFT_VERSION = 5.0;
				TARGETED_DEVICE_FAMILY = 1;
			};
			name = Debug;
		};
		739C01F125B7221F00C5A2D6 /* Release */ = {
			isa = XCBuildConfiguration;
			baseConfigurationReference = 4DCD169C0CB5D4255480CD21 /* Pods-OurMemory.release.xcconfig */;
			buildSettings = {
				ASSETCATALOG_COMPILER_APPICON_NAME = AppIcon;
				ASSETCATALOG_COMPILER_GLOBAL_ACCENT_COLOR_NAME = AccentColor;
				CLANG_ENABLE_MODULES = YES;
				CODE_SIGN_ENTITLEMENTS = OurMemory/OurMemory.entitlements;
				CODE_SIGN_STYLE = Automatic;
				DEVELOPMENT_TEAM = 2L6GNE8467;
				INFOPLIST_FILE = OurMemory/Info.plist;
				IPHONEOS_DEPLOYMENT_TARGET = 12.1;
				LD_RUNPATH_SEARCH_PATHS = (
					"$(inherited)",
					"@executable_path/Frameworks",
				);
				PRODUCT_BUNDLE_IDENTIFIER = com.sgSwiftOurMemory;
				PRODUCT_NAME = "$(TARGET_NAME)";
				SWIFT_OBJC_BRIDGING_HEADER = "OurMemory-Bridging-Header.h";
				SWIFT_VERSION = 5.0;
				TARGETED_DEVICE_FAMILY = 1;
			};
			name = Release;
		};
		739C01F325B7221F00C5A2D6 /* Debug */ = {
			isa = XCBuildConfiguration;
			baseConfigurationReference = 3E511DBAC6FFE083026CD9DC /* Pods-OurMemoryTests.debug.xcconfig */;
			buildSettings = {
				ALWAYS_EMBED_SWIFT_STANDARD_LIBRARIES = YES;
				BUNDLE_LOADER = "$(TEST_HOST)";
				CODE_SIGN_STYLE = Automatic;
				DEVELOPMENT_TEAM = 2L6GNE8467;
				INFOPLIST_FILE = OurMemoryTests/Info.plist;
				IPHONEOS_DEPLOYMENT_TARGET = 14.2;
				LD_RUNPATH_SEARCH_PATHS = (
					"$(inherited)",
					"@executable_path/Frameworks",
					"@loader_path/Frameworks",
				);
				PRODUCT_BUNDLE_IDENTIFIER = com.sgSwiftOurMemory.OurMemory.OurMemoryTests;
				PRODUCT_NAME = "$(TARGET_NAME)";
				SWIFT_VERSION = 5.0;
				TARGETED_DEVICE_FAMILY = "1,2";
				TEST_HOST = "$(BUILT_PRODUCTS_DIR)/OurMemory.app/OurMemory";
			};
			name = Debug;
		};
		739C01F425B7221F00C5A2D6 /* Release */ = {
			isa = XCBuildConfiguration;
			baseConfigurationReference = 437F050F3061A34115DF5663 /* Pods-OurMemoryTests.release.xcconfig */;
			buildSettings = {
				ALWAYS_EMBED_SWIFT_STANDARD_LIBRARIES = YES;
				BUNDLE_LOADER = "$(TEST_HOST)";
				CODE_SIGN_STYLE = Automatic;
				DEVELOPMENT_TEAM = 2L6GNE8467;
				INFOPLIST_FILE = OurMemoryTests/Info.plist;
				IPHONEOS_DEPLOYMENT_TARGET = 14.2;
				LD_RUNPATH_SEARCH_PATHS = (
					"$(inherited)",
					"@executable_path/Frameworks",
					"@loader_path/Frameworks",
				);
				PRODUCT_BUNDLE_IDENTIFIER = com.sgSwiftOurMemory.OurMemory.OurMemoryTests;
				PRODUCT_NAME = "$(TARGET_NAME)";
				SWIFT_VERSION = 5.0;
				TARGETED_DEVICE_FAMILY = "1,2";
				TEST_HOST = "$(BUILT_PRODUCTS_DIR)/OurMemory.app/OurMemory";
			};
			name = Release;
		};
		739C01F625B7221F00C5A2D6 /* Debug */ = {
			isa = XCBuildConfiguration;
			baseConfigurationReference = E1392C5CA758F61A6285C64B /* Pods-OurMemory-OurMemoryUITests.debug.xcconfig */;
			buildSettings = {
				ALWAYS_EMBED_SWIFT_STANDARD_LIBRARIES = YES;
				CODE_SIGN_STYLE = Automatic;
				DEVELOPMENT_TEAM = 2L6GNE8467;
				INFOPLIST_FILE = OurMemoryUITests/Info.plist;
				LD_RUNPATH_SEARCH_PATHS = (
					"$(inherited)",
					"@executable_path/Frameworks",
					"@loader_path/Frameworks",
				);
				PRODUCT_BUNDLE_IDENTIFIER = com.sgSwiftOurMemory.OurMemory.OurMemoryUITests;
				PRODUCT_NAME = "$(TARGET_NAME)";
				SWIFT_VERSION = 5.0;
				TARGETED_DEVICE_FAMILY = "1,2";
				TEST_TARGET_NAME = OurMemory;
			};
			name = Debug;
		};
		739C01F725B7221F00C5A2D6 /* Release */ = {
			isa = XCBuildConfiguration;
			baseConfigurationReference = C82DD7A74107FE9492AB7DB8 /* Pods-OurMemory-OurMemoryUITests.release.xcconfig */;
			buildSettings = {
				ALWAYS_EMBED_SWIFT_STANDARD_LIBRARIES = YES;
				CODE_SIGN_STYLE = Automatic;
				DEVELOPMENT_TEAM = 2L6GNE8467;
				INFOPLIST_FILE = OurMemoryUITests/Info.plist;
				LD_RUNPATH_SEARCH_PATHS = (
					"$(inherited)",
					"@executable_path/Frameworks",
					"@loader_path/Frameworks",
				);
				PRODUCT_BUNDLE_IDENTIFIER = com.sgSwiftOurMemory.OurMemory.OurMemoryUITests;
				PRODUCT_NAME = "$(TARGET_NAME)";
				SWIFT_VERSION = 5.0;
				TARGETED_DEVICE_FAMILY = "1,2";
				TEST_TARGET_NAME = OurMemory;
			};
			name = Release;
		};
/* End XCBuildConfiguration section */

/* Begin XCConfigurationList section */
		739C01BD25B7221D00C5A2D6 /* Build configuration list for PBXProject "OurMemory" */ = {
			isa = XCConfigurationList;
			buildConfigurations = (
				739C01ED25B7221F00C5A2D6 /* Debug */,
				739C01EE25B7221F00C5A2D6 /* Release */,
			);
			defaultConfigurationIsVisible = 0;
			defaultConfigurationName = Release;
		};
		739C01EF25B7221F00C5A2D6 /* Build configuration list for PBXNativeTarget "OurMemory" */ = {
			isa = XCConfigurationList;
			buildConfigurations = (
				739C01F025B7221F00C5A2D6 /* Debug */,
				739C01F125B7221F00C5A2D6 /* Release */,
			);
			defaultConfigurationIsVisible = 0;
			defaultConfigurationName = Release;
		};
		739C01F225B7221F00C5A2D6 /* Build configuration list for PBXNativeTarget "OurMemoryTests" */ = {
			isa = XCConfigurationList;
			buildConfigurations = (
				739C01F325B7221F00C5A2D6 /* Debug */,
				739C01F425B7221F00C5A2D6 /* Release */,
			);
			defaultConfigurationIsVisible = 0;
			defaultConfigurationName = Release;
		};
		739C01F525B7221F00C5A2D6 /* Build configuration list for PBXNativeTarget "OurMemoryUITests" */ = {
			isa = XCConfigurationList;
			buildConfigurations = (
				739C01F625B7221F00C5A2D6 /* Debug */,
				739C01F725B7221F00C5A2D6 /* Release */,
			);
			defaultConfigurationIsVisible = 0;
			defaultConfigurationName = Release;
		};
/* End XCConfigurationList section */

/* Begin XCVersionGroup section */
		739C01CE25B7221D00C5A2D6 /* OurMemory.xcdatamodeld */ = {
			isa = XCVersionGroup;
			children = (
				739C01CF25B7221D00C5A2D6 /* OurMemory.xcdatamodel */,
			);
			currentVersion = 739C01CF25B7221D00C5A2D6 /* OurMemory.xcdatamodel */;
			path = OurMemory.xcdatamodeld;
			sourceTree = "<group>";
			versionGroupType = wrapper.xcdatamodel;
		};
/* End XCVersionGroup section */
	};
	rootObject = 739C01BA25B7221D00C5A2D6 /* Project object */;
}
